
Microsoft Visual Studio Solution File, Format Version 12.00
# Visual Studio Version 17
VisualStudioVersion = 17.0.31903.59
MinimumVisualStudioVersion = 10.0.40219.1
Project("{FAE04EC0-301F-11D3-BF4B-00C04F79EFBC}") = "WWCP_EEBUS_SHIP", "WWCP_EEBUS_SHIP\WWCP_EEBUS_SHIP.csproj", "{6A4E6292-7488-4820-950F-2623CE833A91}"
EndProject
Project("{FAE04EC0-301F-11D3-BF4B-00C04F79EFBC}") = "Hermod", "..\Hermod\Hermod\Hermod.csproj", "{6BA6DBE0-5E68-4370-999C-6863C7F53EED}"
EndProject
Project("{FAE04EC0-301F-11D3-BF4B-00C04F79EFBC}") = "Styx", "..\Styx\Styx\Styx.csproj", "{721763B8-DEC0-47F3-9556-D43EBF56FCA9}"
EndProject
Project("{FAE04EC0-301F-11D3-BF4B-00C04F79EFBC}") = "WWCP_EEBUS_SHIP_Tests", "WWCP_EEBUS_SHIP_Tests\WWCP_EEBUS_SHIP_Tests.csproj", "{6ED2F234-95BD-416B-9889-861530393F5E}"
EndProject
Project("{FAE04EC0-301F-11D3-BF4B-00C04F79EFBC}") = "WWCP_EEBUS_SPINE", "WWCP_EEBUS_SPINE\WWCP_EEBUS_SPINE.csproj", "{C1EBB4DE-8F63-4929-904E-960AB0BA2D86}"
EndProject
Project("{FAE04EC0-301F-11D3-BF4B-00C04F79EFBC}") = "WWCP_EEBUS_SPINE_Tests", "WWCP_EEBUS_SPINE_Tests\WWCP_EEBUS_SPINE_Tests.csproj", "{E3421598-AE40-4CA3-8D09-E47234DD0B5E}"
EndProject
Project("{FAE04EC0-301F-11D3-BF4B-00C04F79EFBC}") = "WWCP_EEBUS_UseCases", "WWCP_EEBUS_UseCases\WWCP_EEBUS_UseCases.csproj", "{C05600B3-870E-4064-9D1B-C4BA1C3063B3}"
EndProject
Project("{FAE04EC0-301F-11D3-BF4B-00C04F79EFBC}") = "WWCP_EEBUS_UseCases_Tests", "WWCP_EEBUS_UseCases_Tests\WWCP_EEBUS_UseCases_Tests.csproj", "{0F5F36B6-C7FD-4127-BE6A-18173AE299B2}"
EndProject
Global
	GlobalSection(SolutionConfigurationPlatforms) = preSolution
		Debug|Any CPU = Debug|Any CPU
		Debug|x64 = Debug|x64
		Debug|x86 = Debug|x86
		Release|Any CPU = Release|Any CPU
		Release|x64 = Release|x64
		Release|x86 = Release|x86
	EndGlobalSection
	GlobalSection(ProjectConfigurationPlatforms) = postSolution
		{6A4E6292-7488-4820-950F-2623CE833A91}.Debug|Any CPU.ActiveCfg = Debug|Any CPU
		{6A4E6292-7488-4820-950F-2623CE833A91}.Debug|Any CPU.Build.0 = Debug|Any CPU
		{6A4E6292-7488-4820-950F-2623CE833A91}.Debug|x64.ActiveCfg = Debug|Any CPU
		{6A4E6292-7488-4820-950F-2623CE833A91}.Debug|x64.Build.0 = Debug|Any CPU
		{6A4E6292-7488-4820-950F-2623CE833A91}.Debug|x86.ActiveCfg = Debug|Any CPU
		{6A4E6292-7488-4820-950F-2623CE833A91}.Debug|x86.Build.0 = Debug|Any CPU
		{6A4E6292-7488-4820-950F-2623CE833A91}.Release|Any CPU.ActiveCfg = Release|Any CPU
		{6A4E6292-7488-4820-950F-2623CE833A91}.Release|Any CPU.Build.0 = Release|Any CPU
		{6A4E6292-7488-4820-950F-2623CE833A91}.Release|x64.ActiveCfg = Release|Any CPU
		{6A4E6292-7488-4820-950F-2623CE833A91}.Release|x64.Build.0 = Release|Any CPU
		{6A4E6292-7488-4820-950F-2623CE833A91}.Release|x86.ActiveCfg = Release|Any CPU
		{6A4E6292-7488-4820-950F-2623CE833A91}.Release|x86.Build.0 = Release|Any CPU
		{6BA6DBE0-5E68-4370-999C-6863C7F53EED}.Debug|Any CPU.ActiveCfg = Debug|Any CPU
		{6BA6DBE0-5E68-4370-999C-6863C7F53EED}.Debug|Any CPU.Build.0 = Debug|Any CPU
		{6BA6DBE0-5E68-4370-999C-6863C7F53EED}.Debug|x64.ActiveCfg = Debug|Any CPU
		{6BA6DBE0-5E68-4370-999C-6863C7F53EED}.Debug|x64.Build.0 = Debug|Any CPU
		{6BA6DBE0-5E68-4370-999C-6863C7F53EED}.Debug|x86.ActiveCfg = Debug|Any CPU
		{6BA6DBE0-5E68-4370-999C-6863C7F53EED}.Debug|x86.Build.0 = Debug|Any CPU
		{6BA6DBE0-5E68-4370-999C-6863C7F53EED}.Release|Any CPU.ActiveCfg = Release|Any CPU
		{6BA6DBE0-5E68-4370-999C-6863C7F53EED}.Release|Any CPU.Build.0 = Release|Any CPU
		{6BA6DBE0-5E68-4370-999C-6863C7F53EED}.Release|x64.ActiveCfg = Release|Any CPU
		{6BA6DBE0-5E68-4370-999C-6863C7F53EED}.Release|x64.Build.0 = Release|Any CPU
		{6BA6DBE0-5E68-4370-999C-6863C7F53EED}.Release|x86.ActiveCfg = Release|Any CPU
		{6BA6DBE0-5E68-4370-999C-6863C7F53EED}.Release|x86.Build.0 = Release|Any CPU
		{721763B8-DEC0-47F3-9556-D43EBF56FCA9}.Debug|Any CPU.ActiveCfg = Debug|Any CPU
		{721763B8-DEC0-47F3-9556-D43EBF56FCA9}.Debug|Any CPU.Build.0 = Debug|Any CPU
		{721763B8-DEC0-47F3-9556-D43EBF56FCA9}.Debug|x64.ActiveCfg = Debug|Any CPU
		{721763B8-DEC0-47F3-9556-D43EBF56FCA9}.Debug|x64.Build.0 = Debug|Any CPU
		{721763B8-DEC0-47F3-9556-D43EBF56FCA9}.Debug|x86.ActiveCfg = Debug|Any CPU
		{721763B8-DEC0-47F3-9556-D43EBF56FCA9}.Debug|x86.Build.0 = Debug|Any CPU
		{721763B8-DEC0-47F3-9556-D43EBF56FCA9}.Release|Any CPU.ActiveCfg = Release|Any CPU
		{721763B8-DEC0-47F3-9556-D43EBF56FCA9}.Release|Any CPU.Build.0 = Release|Any CPU
		{721763B8-DEC0-47F3-9556-D43EBF56FCA9}.Release|x64.ActiveCfg = Release|Any CPU
		{721763B8-DEC0-47F3-9556-D43EBF56FCA9}.Release|x64.Build.0 = Release|Any CPU
		{721763B8-DEC0-47F3-9556-D43EBF56FCA9}.Release|x86.ActiveCfg = Release|Any CPU
		{721763B8-DEC0-47F3-9556-D43EBF56FCA9}.Release|x86.Build.0 = Release|Any CPU
		{6ED2F234-95BD-416B-9889-861530393F5E}.Debug|Any CPU.ActiveCfg = Debug|Any CPU
		{6ED2F234-95BD-416B-9889-861530393F5E}.Debug|Any CPU.Build.0 = Debug|Any CPU
		{6ED2F234-95BD-416B-9889-861530393F5E}.Debug|x64.ActiveCfg = Debug|Any CPU
		{6ED2F234-95BD-416B-9889-861530393F5E}.Debug|x64.Build.0 = Debug|Any CPU
		{6ED2F234-95BD-416B-9889-861530393F5E}.Debug|x86.ActiveCfg = Debug|Any CPU
		{6ED2F234-95BD-416B-9889-861530393F5E}.Debug|x86.Build.0 = Debug|Any CPU
		{6ED2F234-95BD-416B-9889-861530393F5E}.Release|Any CPU.ActiveCfg = Release|Any CPU
		{6ED2F234-95BD-416B-9889-861530393F5E}.Release|Any CPU.Build.0 = Release|Any CPU
		{6ED2F234-95BD-416B-9889-861530393F5E}.Release|x64.ActiveCfg = Release|Any CPU
		{6ED2F234-95BD-416B-9889-861530393F5E}.Release|x64.Build.0 = Release|Any CPU
		{6ED2F234-95BD-416B-9889-861530393F5E}.Release|x86.ActiveCfg = Release|Any CPU
		{6ED2F234-95BD-416B-9889-861530393F5E}.Release|x86.Build.0 = Release|Any CPU
		{C1EBB4DE-8F63-4929-904E-960AB0BA2D86}.Debug|Any CPU.ActiveCfg = Debug|Any CPU
		{C1EBB4DE-8F63-4929-904E-960AB0BA2D86}.Debug|Any CPU.Build.0 = Debug|Any CPU
		{C1EBB4DE-8F63-4929-904E-960AB0BA2D86}.Debug|x64.ActiveCfg = Debug|Any CPU
		{C1EBB4DE-8F63-4929-904E-960AB0BA2D86}.Debug|x64.Build.0 = Debug|Any CPU
		{C1EBB4DE-8F63-4929-904E-960AB0BA2D86}.Debug|x86.ActiveCfg = Debug|Any CPU
		{C1EBB4DE-8F63-4929-904E-960AB0BA2D86}.Debug|x86.Build.0 = Debug|Any CPU
		{C1EBB4DE-8F63-4929-904E-960AB0BA2D86}.Release|Any CPU.ActiveCfg = Release|Any CPU
		{C1EBB4DE-8F63-4929-904E-960AB0BA2D86}.Release|Any CPU.Build.0 = Release|Any CPU
		{C1EBB4DE-8F63-4929-904E-960AB0BA2D86}.Release|x64.ActiveCfg = Release|Any CPU
		{C1EBB4DE-8F63-4929-904E-960AB0BA2D86}.Release|x64.Build.0 = Release|Any CPU
		{C1EBB4DE-8F63-4929-904E-960AB0BA2D86}.Release|x86.ActiveCfg = Release|Any CPU
		{C1EBB4DE-8F63-4929-904E-960AB0BA2D86}.Release|x86.Build.0 = Release|Any CPU
		{E3421598-AE40-4CA3-8D09-E47234DD0B5E}.Debug|Any CPU.ActiveCfg = Debug|Any CPU
		{E3421598-AE40-4CA3-8D09-E47234DD0B5E}.Debug|Any CPU.Build.0 = Debug|Any CPU
		{E3421598-AE40-4CA3-8D09-E47234DD0B5E}.Debug|x64.ActiveCfg = Debug|Any CPU
		{E3421598-AE40-4CA3-8D09-E47234DD0B5E}.Debug|x64.Build.0 = Debug|Any CPU
		{E3421598-AE40-4CA3-8D09-E47234DD0B5E}.Debug|x86.ActiveCfg = Debug|Any CPU
		{E3421598-AE40-4CA3-8D09-E47234DD0B5E}.Debug|x86.Build.0 = Debug|Any CPU
		{E3421598-AE40-4CA3-8D09-E47234DD0B5E}.Release|Any CPU.ActiveCfg = Release|Any CPU
		{E3421598-AE40-4CA3-8D09-E47234DD0B5E}.Release|Any CPU.Build.0 = Release|Any CPU
		{E3421598-AE40-4CA3-8D09-E47234DD0B5E}.Release|x64.ActiveCfg = Release|Any CPU
		{E3421598-AE40-4CA3-8D09-E47234DD0B5E}.Release|x64.Build.0 = Release|Any CPU
		{E3421598-AE40-4CA3-8D09-E47234DD0B5E}.Release|x86.ActiveCfg = Release|Any CPU
		{E3421598-AE40-4CA3-8D09-E47234DD0B5E}.Release|x86.Build.0 = Release|Any CPU
		{C05600B3-870E-4064-9D1B-C4BA1C3063B3}.Debug|Any CPU.ActiveCfg = Debug|Any CPU
		{C05600B3-870E-4064-9D1B-C4BA1C3063B3}.Debug|Any CPU.Build.0 = Debug|Any CPU
		{C05600B3-870E-4064-9D1B-C4BA1C3063B3}.Debug|x64.ActiveCfg = Debug|Any CPU
		{C05600B3-870E-4064-9D1B-C4BA1C3063B3}.Debug|x64.Build.0 = Debug|Any CPU
		{C05600B3-870E-4064-9D1B-C4BA1C3063B3}.Debug|x86.ActiveCfg = Debug|Any CPU
		{C05600B3-870E-4064-9D1B-C4BA1C3063B3}.Debug|x86.Build.0 = Debug|Any CPU
		{C05600B3-870E-4064-9D1B-C4BA1C3063B3}.Release|Any CPU.ActiveCfg = Release|Any CPU
		{C05600B3-870E-4064-9D1B-C4BA1C3063B3}.Release|Any CPU.Build.0 = Release|Any CPU
		{C05600B3-870E-4064-9D1B-C4BA1C3063B3}.Release|x64.ActiveCfg = Release|Any CPU
		{C05600B3-870E-4064-9D1B-C4BA1C3063B3}.Release|x64.Build.0 = Release|Any CPU
		{C05600B3-870E-4064-9D1B-C4BA1C3063B3}.Release|x86.ActiveCfg = Release|Any CPU
		{C05600B3-870E-4064-9D1B-C4BA1C3063B3}.Release|x86.Build.0 = Release|Any CPU
		{0F5F36B6-C7FD-4127-BE6A-18173AE299B2}.Debug|Any CPU.ActiveCfg = Debug|Any CPU
		{0F5F36B6-C7FD-4127-BE6A-18173AE299B2}.Debug|Any CPU.Build.0 = Debug|Any CPU
		{0F5F36B6-C7FD-4127-BE6A-18173AE299B2}.Debug|x64.ActiveCfg = Debug|Any CPU
		{0F5F36B6-C7FD-4127-BE6A-18173AE299B2}.Debug|x64.Build.0 = Debug|Any CPU
		{0F5F36B6-C7FD-4127-BE6A-18173AE299B2}.Debug|x86.ActiveCfg = Debug|Any CPU
		{0F5F36B6-C7FD-4127-BE6A-18173AE299B2}.Debug|x86.Build.0 = Debug|Any CPU
		{0F5F36B6-C7FD-4127-BE6A-18173AE299B2}.Release|Any CPU.ActiveCfg = Release|Any CPU
		{0F5F36B6-C7FD-4127-BE6A-18173AE299B2}.Release|Any CPU.Build.0 = Release|Any CPU
		{0F5F36B6-C7FD-4127-BE6A-18173AE299B2}.Release|x64.ActiveCfg = Release|Any CPU
		{0F5F36B6-C7FD-4127-BE6A-18173AE299B2}.Release|x64.Build.0 = Release|Any CPU
		{0F5F36B6-C7FD-4127-BE6A-18173AE299B2}.Release|x86.ActiveCfg = Release|Any CPU
		{0F5F36B6-C7FD-4127-BE6A-18173AE299B2}.Release|x86.Build.0 = Release|Any CPU
	EndGlobalSection
	GlobalSection(SolutionProperties) = preSolution
		HideSolutionNode = FALSE
	EndGlobalSection
EndGlobal
